// !$*UTF8*$!
{
	archiveVersion = 1;
	classes = {
	};
	objectVersion = 46;
	objects = {

/* Begin PBXBuildFile section */
		9F415D701D17BE7A006784F8 /* 2.gif in Resources */ = {isa = PBXBuildFile; fileRef = 9F415D6F1D17BE7A006784F8 /* 2.gif */; };
		9F9145871D1781BA0049CCF2 /* main.m in Sources */ = {isa = PBXBuildFile; fileRef = 9F9145861D1781BA0049CCF2 /* main.m */; };
		9F91458A1D1781BA0049CCF2 /* AppDelegate.m in Sources */ = {isa = PBXBuildFile; fileRef = 9F9145891D1781BA0049CCF2 /* AppDelegate.m */; };
		9F91458D1D1781BA0049CCF2 /* ViewController.m in Sources */ = {isa = PBXBuildFile; fileRef = 9F91458C1D1781BA0049CCF2 /* ViewController.m */; };
		9F9145901D1781BA0049CCF2 /* Main.storyboard in Resources */ = {isa = PBXBuildFile; fileRef = 9F91458E1D1781BA0049CCF2 /* Main.storyboard */; };
		9F9145921D1781BA0049CCF2 /* Assets.xcassets in Resources */ = {isa = PBXBuildFile; fileRef = 9F9145911D1781BA0049CCF2 /* Assets.xcassets */; };
		9F9145951D1781BA0049CCF2 /* LaunchScreen.storyboard in Resources */ = {isa = PBXBuildFile; fileRef = 9F9145931D1781BA0049CCF2 /* LaunchScreen.storyboard */; };
		9F91459E1D1782060049CCF2 /* HJSBendingView.m in Sources */ = {isa = PBXBuildFile; fileRef = 9F91459D1D1782060049CCF2 /* HJSBendingView.m */; };
		9F9145E01D1789B90049CCF2 /* MASCompositeConstraint.m in Sources */ = {isa = PBXBuildFile; fileRef = 9F9145C61D1789B90049CCF2 /* MASCompositeConstraint.m */; };
		9F9145E11D1789B90049CCF2 /* MASConstraint.m in Sources */ = {isa = PBXBuildFile; fileRef = 9F9145C91D1789B90049CCF2 /* MASConstraint.m */; };
		9F9145E21D1789B90049CCF2 /* MASConstraintMaker.m in Sources */ = {isa = PBXBuildFile; fileRef = 9F9145CB1D1789B90049CCF2 /* MASConstraintMaker.m */; };
		9F9145E31D1789B90049CCF2 /* MASLayoutConstraint.m in Sources */ = {isa = PBXBuildFile; fileRef = 9F9145CD1D1789B90049CCF2 /* MASLayoutConstraint.m */; };
		9F9145E41D1789B90049CCF2 /* MASViewAttribute.m in Sources */ = {isa = PBXBuildFile; fileRef = 9F9145D11D1789B90049CCF2 /* MASViewAttribute.m */; };
		9F9145E51D1789B90049CCF2 /* MASViewConstraint.m in Sources */ = {isa = PBXBuildFile; fileRef = 9F9145D31D1789B90049CCF2 /* MASViewConstraint.m */; };
		9F9145E61D1789B90049CCF2 /* NSArray+MASAdditions.m in Sources */ = {isa = PBXBuildFile; fileRef = 9F9145D51D1789B90049CCF2 /* NSArray+MASAdditions.m */; };
		9F9145E71D1789B90049CCF2 /* NSLayoutConstraint+MASDebugAdditions.m in Sources */ = {isa = PBXBuildFile; fileRef = 9F9145D81D1789B90049CCF2 /* NSLayoutConstraint+MASDebugAdditions.m */; };
		9F9145E81D1789B90049CCF2 /* View+MASAdditions.m in Sources */ = {isa = PBXBuildFile; fileRef = 9F9145DA1D1789B90049CCF2 /* View+MASAdditions.m */; };
		9F9145E91D1789B90049CCF2 /* ViewController+MASAdditions.m in Sources */ = {isa = PBXBuildFile; fileRef = 9F9145DD1D1789B90049CCF2 /* ViewController+MASAdditions.m */; };
		9F9145EA1D1789B90049CCF2 /* UIViewExt.m in Sources */ = {isa = PBXBuildFile; fileRef = 9F9145DF1D1789B90049CCF2 /* UIViewExt.m */; };
/* End PBXBuildFile section */

/* Begin PBXFileReference section */
		9F415D6F1D17BE7A006784F8 /* 2.gif */ = {isa = PBXFileReference; lastKnownFileType = image.gif; path = 2.gif; sourceTree = "<group>"; };
		9F9145821D1781BA0049CCF2 /* HJSBendingCurve.app */ = {isa = PBXFileReference; explicitFileType = wrapper.application; includeInIndex = 0; path = HJSBendingCurve.app; sourceTree = BUILT_PRODUCTS_DIR; };
		9F9145861D1781BA0049CCF2 /* main.m */ = {isa = PBXFileReference; lastKnownFileType = sourcecode.c.objc; path = main.m; sourceTree = "<group>"; };
		9F9145881D1781BA0049CCF2 /* AppDelegate.h */ = {isa = PBXFileReference; lastKnownFileType = sourcecode.c.h; path = AppDelegate.h; sourceTree = "<group>"; };
		9F9145891D1781BA0049CCF2 /* AppDelegate.m */ = {isa = PBXFileReference; lastKnownFileType = sourcecode.c.objc; path = AppDelegate.m; sourceTree = "<group>"; };
		9F91458B1D1781BA0049CCF2 /* ViewController.h */ = {isa = PBXFileReference; lastKnownFileType = sourcecode.c.h; path = ViewController.h; sourceTree = "<group>"; };
		9F91458C1D1781BA0049CCF2 /* ViewController.m */ = {isa = PBXFileReference; lastKnownFileType = sourcecode.c.objc; path = ViewController.m; sourceTree = "<group>"; };
		9F91458F1D1781BA0049CCF2 /* Base */ = {isa = PBXFileReference; lastKnownFileType = file.storyboard; name = Base; path = Base.lproj/Main.storyboard; sourceTree = "<group>"; };
		9F9145911D1781BA0049CCF2 /* Assets.xcassets */ = {isa = PBXFileReference; lastKnownFileType = folder.assetcatalog; path = Assets.xcassets; sourceTree = "<group>"; };
		9F9145941D1781BA0049CCF2 /* Base */ = {isa = PBXFileReference; lastKnownFileType = file.storyboard; name = Base; path = Base.lproj/LaunchScreen.storyboard; sourceTree = "<group>"; };
		9F9145961D1781BA0049CCF2 /* Info.plist */ = {isa = PBXFileReference; lastKnownFileType = text.plist.xml; path = Info.plist; sourceTree = "<group>"; };
		9F91459C1D1782060049CCF2 /* HJSBendingView.h */ = {isa = PBXFileReference; fileEncoding = 4; lastKnownFileType = sourcecode.c.h; path = HJSBendingView.h; sourceTree = "<group>"; };
		9F91459D1D1782060049CCF2 /* HJSBendingView.m */ = {isa = PBXFileReference; fileEncoding = 4; lastKnownFileType = sourcecode.c.objc; path = HJSBendingView.m; sourceTree = "<group>"; };
		9F9145C51D1789B90049CCF2 /* MASCompositeConstraint.h */ = {isa = PBXFileReference; fileEncoding = 4; lastKnownFileType = sourcecode.c.h; path = MASCompositeConstraint.h; sourceTree = "<group>"; };
		9F9145C61D1789B90049CCF2 /* MASCompositeConstraint.m */ = {isa = PBXFileReference; fileEncoding = 4; lastKnownFileType = sourcecode.c.objc; path = MASCompositeConstraint.m; sourceTree = "<group>"; };
		9F9145C71D1789B90049CCF2 /* MASConstraint+Private.h */ = {isa = PBXFileReference; fileEncoding = 4; lastKnownFileType = sourcecode.c.h; path = "MASConstraint+Private.h"; sourceTree = "<group>"; };
		9F9145C81D1789B90049CCF2 /* MASConstraint.h */ = {isa = PBXFileReference; fileEncoding = 4; lastKnownFileType = sourcecode.c.h; path = MASConstraint.h; sourceTree = "<group>"; };
		9F9145C91D1789B90049CCF2 /* MASConstraint.m */ = {isa = PBXFileReference; fileEncoding = 4; lastKnownFileType = sourcecode.c.objc; path = MASConstraint.m; sourceTree = "<group>"; };
		9F9145CA1D1789B90049CCF2 /* MASConstraintMaker.h */ = {isa = PBXFileReference; fileEncoding = 4; lastKnownFileType = sourcecode.c.h; path = MASConstraintMaker.h; sourceTree = "<group>"; };
		9F9145CB1D1789B90049CCF2 /* MASConstraintMaker.m */ = {isa = PBXFileReference; fileEncoding = 4; lastKnownFileType = sourcecode.c.objc; path = MASConstraintMaker.m; sourceTree = "<group>"; };
		9F9145CC1D1789B90049CCF2 /* MASLayoutConstraint.h */ = {isa = PBXFileReference; fileEncoding = 4; lastKnownFileType = sourcecode.c.h; path = MASLayoutConstraint.h; sourceTree = "<group>"; };
		9F9145CD1D1789B90049CCF2 /* MASLayoutConstraint.m */ = {isa = PBXFileReference; fileEncoding = 4; lastKnownFileType = sourcecode.c.objc; path = MASLayoutConstraint.m; sourceTree = "<group>"; };
		9F9145CE1D1789B90049CCF2 /* Masonry.h */ = {isa = PBXFileReference; fileEncoding = 4; lastKnownFileType = sourcecode.c.h; path = Masonry.h; sourceTree = "<group>"; };
		9F9145CF1D1789B90049CCF2 /* MASUtilities.h */ = {isa = PBXFileReference; fileEncoding = 4; lastKnownFileType = sourcecode.c.h; path = MASUtilities.h; sourceTree = "<group>"; };
		9F9145D01D1789B90049CCF2 /* MASViewAttribute.h */ = {isa = PBXFileReference; fileEncoding = 4; lastKnownFileType = sourcecode.c.h; path = MASViewAttribute.h; sourceTree = "<group>"; };
		9F9145D11D1789B90049CCF2 /* MASViewAttribute.m */ = {isa = PBXFileReference; fileEncoding = 4; lastKnownFileType = sourcecode.c.objc; path = MASViewAttribute.m; sourceTree = "<group>"; };
		9F9145D21D1789B90049CCF2 /* MASViewConstraint.h */ = {isa = PBXFileReference; fileEncoding = 4; lastKnownFileType = sourcecode.c.h; path = MASViewConstraint.h; sourceTree = "<group>"; };
		9F9145D31D1789B90049CCF2 /* MASViewConstraint.m */ = {isa = PBXFileReference; fileEncoding = 4; lastKnownFileType = sourcecode.c.objc; path = MASViewConstraint.m; sourceTree = "<group>"; };
		9F9145D41D1789B90049CCF2 /* NSArray+MASAdditions.h */ = {isa = PBXFileReference; fileEncoding = 4; lastKnownFileType = sourcecode.c.h; path = "NSArray+MASAdditions.h"; sourceTree = "<group>"; };
		9F9145D51D1789B90049CCF2 /* NSArray+MASAdditions.m */ = {isa = PBXFileReference; fileEncoding = 4; lastKnownFileType = sourcecode.c.objc; path = "NSArray+MASAdditions.m"; sourceTree = "<group>"; };
		9F9145D61D1789B90049CCF2 /* NSArray+MASShorthandAdditions.h */ = {isa = PBXFileReference; fileEncoding = 4; lastKnownFileType = sourcecode.c.h; path = "NSArray+MASShorthandAdditions.h"; sourceTree = "<group>"; };
		9F9145D71D1789B90049CCF2 /* NSLayoutConstraint+MASDebugAdditions.h */ = {isa = PBXFileReference; fileEncoding = 4; lastKnownFileType = sourcecode.c.h; path = "NSLayoutConstraint+MASDebugAdditions.h"; sourceTree = "<group>"; };
		9F9145D81D1789B90049CCF2 /* NSLayoutConstraint+MASDebugAdditions.m */ = {isa = PBXFileReference; fileEncoding = 4; lastKnownFileType = sourcecode.c.objc; path = "NSLayoutConstraint+MASDebugAdditions.m"; sourceTree = "<group>"; };
		9F9145D91D1789B90049CCF2 /* View+MASAdditions.h */ = {isa = PBXFileReference; fileEncoding = 4; lastKnownFileType = sourcecode.c.h; path = "View+MASAdditions.h"; sourceTree = "<group>"; };
		9F9145DA1D1789B90049CCF2 /* View+MASAdditions.m */ = {isa = PBXFileReference; fileEncoding = 4; lastKnownFileType = sourcecode.c.objc; path = "View+MASAdditions.m"; sourceTree = "<group>"; };
		9F9145DB1D1789B90049CCF2 /* View+MASShorthandAdditions.h */ = {isa = PBXFileReference; fileEncoding = 4; lastKnownFileType = sourcecode.c.h; path = "View+MASShorthandAdditions.h"; sourceTree = "<group>"; };
		9F9145DC1D1789B90049CCF2 /* ViewController+MASAdditions.h */ = {isa = PBXFileReference; fileEncoding = 4; lastKnownFileType = sourcecode.c.h; path = "ViewController+MASAdditions.h"; sourceTree = "<group>"; };
		9F9145DD1D1789B90049CCF2 /* ViewController+MASAdditions.m */ = {isa = PBXFileReference; fileEncoding = 4; lastKnownFileType = sourcecode.c.objc; path = "ViewController+MASAdditions.m"; sourceTree = "<group>"; };
		9F9145DE1D1789B90049CCF2 /* UIViewExt.h */ = {isa = PBXFileReference; fileEncoding = 4; lastKnownFileType = sourcecode.c.h; path = UIViewExt.h; sourceTree = "<group>"; };
		9F9145DF1D1789B90049CCF2 /* UIViewExt.m */ = {isa = PBXFileReference; fileEncoding = 4; lastKnownFileType = sourcecode.c.objc; path = UIViewExt.m; sourceTree = "<group>"; };
/* End PBXFileReference section */

/* Begin PBXFrameworksBuildPhase section */
		9F91457F1D1781BA0049CCF2 /* Frameworks */ = {
			isa = PBXFrameworksBuildPhase;
			buildActionMask = 2147483647;
			files = (
			);
			runOnlyForDeploymentPostprocessing = 0;
		};
/* End PBXFrameworksBuildPhase section */

/* Begin PBXGroup section */
		9F9145791D1781BA0049CCF2 = {
			isa = PBXGroup;
			children = (
				9F9145841D1781BA0049CCF2 /* HJSBendingCurve */,
				9F9145831D1781BA0049CCF2 /* Products */,
			);
			sourceTree = "<group>";
		};
		9F9145831D1781BA0049CCF2 /* Products */ = {
			isa = PBXGroup;
			children = (
				9F9145821D1781BA0049CCF2 /* HJSBendingCurve.app */,
			);
			name = Products;
			sourceTree = "<group>";
		};
		9F9145841D1781BA0049CCF2 /* HJSBendingCurve */ = {
			isa = PBXGroup;
			children = (
				9F9145881D1781BA0049CCF2 /* AppDelegate.h */,
				9F9145891D1781BA0049CCF2 /* AppDelegate.m */,
				9F91458B1D1781BA0049CCF2 /* ViewController.h */,
				9F91458C1D1781BA0049CCF2 /* ViewController.m */,
				9F91459C1D1782060049CCF2 /* HJSBendingView.h */,
				9F91459D1D1782060049CCF2 /* HJSBendingView.m */,
				9F415D6F1D17BE7A006784F8 /* 2.gif */,
				9F9145C31D1789B90049CCF2 /* ThirdLibrary */,
				9F91458E1D1781BA0049CCF2 /* Main.storyboard */,
				9F9145911D1781BA0049CCF2 /* Assets.xcassets */,
				9F9145931D1781BA0049CCF2 /* LaunchScreen.storyboard */,
				9F9145961D1781BA0049CCF2 /* Info.plist */,
				9F9145851D1781BA0049CCF2 /* Supporting Files */,
			);
			path = HJSBendingCurve;
			sourceTree = "<group>";
		};
		9F9145851D1781BA0049CCF2 /* Supporting Files */ = {
			isa = PBXGroup;
			children = (
				9F9145861D1781BA0049CCF2 /* main.m */,
			);
			name = "Supporting Files";
			sourceTree = "<group>";
		};
		9F9145C31D1789B90049CCF2 /* ThirdLibrary */ = {
			isa = PBXGroup;
			children = (
				9F9145C41D1789B90049CCF2 /* Masonry */,
				9F9145DE1D1789B90049CCF2 /* UIViewExt.h */,
				9F9145DF1D1789B90049CCF2 /* UIViewExt.m */,
			);
			path = ThirdLibrary;
			sourceTree = "<group>";
		};
		9F9145C41D1789B90049CCF2 /* Masonry */ = {
			isa = PBXGroup;
			children = (
				9F9145C51D1789B90049CCF2 /* MASCompositeConstraint.h */,
				9F9145C61D1789B90049CCF2 /* MASCompositeConstraint.m */,
				9F9145C71D1789B90049CCF2 /* MASConstraint+Private.h */,
				9F9145C81D1789B90049CCF2 /* MASConstraint.h */,
				9F9145C91D1789B90049CCF2 /* MASConstraint.m */,
				9F9145CA1D1789B90049CCF2 /* MASConstraintMaker.h */,
				9F9145CB1D1789B90049CCF2 /* MASConstraintMaker.m */,
				9F9145CC1D1789B90049CCF2 /* MASLayoutConstraint.h */,
				9F9145CD1D1789B90049CCF2 /* MASLayoutConstraint.m */,
				9F9145CE1D1789B90049CCF2 /* Masonry.h */,
				9F9145CF1D1789B90049CCF2 /* MASUtilities.h */,
				9F9145D01D1789B90049CCF2 /* MASViewAttribute.h */,
				9F9145D11D1789B90049CCF2 /* MASViewAttribute.m */,
				9F9145D21D1789B90049CCF2 /* MASViewConstraint.h */,
				9F9145D31D1789B90049CCF2 /* MASViewConstraint.m */,
				9F9145D41D1789B90049CCF2 /* NSArray+MASAdditions.h */,
				9F9145D51D1789B90049CCF2 /* NSArray+MASAdditions.m */,
				9F9145D61D1789B90049CCF2 /* NSArray+MASShorthandAdditions.h */,
				9F9145D71D1789B90049CCF2 /* NSLayoutConstraint+MASDebugAdditions.h */,
				9F9145D81D1789B90049CCF2 /* NSLayoutConstraint+MASDebugAdditions.m */,
				9F9145D91D1789B90049CCF2 /* View+MASAdditions.h */,
				9F9145DA1D1789B90049CCF2 /* View+MASAdditions.m */,
				9F9145DB1D1789B90049CCF2 /* View+MASShorthandAdditions.h */,
				9F9145DC1D1789B90049CCF2 /* ViewController+MASAdditions.h */,
				9F9145DD1D1789B90049CCF2 /* ViewController+MASAdditions.m */,
			);
			path = Masonry;
			sourceTree = "<group>";
		};
/* End PBXGroup section */

/* Begin PBXNativeTarget section */
		9F9145811D1781BA0049CCF2 /* HJSBendingCurve */ = {
			isa = PBXNativeTarget;
			buildConfigurationList = 9F9145991D1781BA0049CCF2 /* Build configuration list for PBXNativeTarget "HJSBendingCurve" */;
			buildPhases = (
				9F91457E1D1781BA0049CCF2 /* Sources */,
				9F91457F1D1781BA0049CCF2 /* Frameworks */,
				9F9145801D1781BA0049CCF2 /* Resources */,
			);
			buildRules = (
			);
			dependencies = (
			);
			name = HJSBendingCurve;
			productName = HJSBendingCurve;
			productReference = 9F9145821D1781BA0049CCF2 /* HJSBendingCurve.app */;
			productType = "com.apple.product-type.application";
		};
/* End PBXNativeTarget section */

/* Begin PBXProject section */
		9F91457A1D1781BA0049CCF2 /* Project object */ = {
			isa = PBXProject;
			attributes = {
				LastUpgradeCheck = 0730;
				ORGANIZATIONNAME = "飞兽科技";
				TargetAttributes = {
					9F9145811D1781BA0049CCF2 = {
						CreatedOnToolsVersion = 7.3;
					};
				};
			};
			buildConfigurationList = 9F91457D1D1781BA0049CCF2 /* Build configuration list for PBXProject "HJSBendingCurve" */;
			compatibilityVersion = "Xcode 3.2";
			developmentRegion = English;
			hasScannedForEncodings = 0;
			knownRegions = (
				en,
				Base,
			);
			mainGroup = 9F9145791D1781BA0049CCF2;
			productRefGroup = 9F9145831D1781BA0049CCF2 /* Products */;
			projectDirPath = "";
			projectRoot = "";
			targets = (
				9F9145811D1781BA0049CCF2 /* HJSBendingCurve */,
			);
		};
/* End PBXProject section */

/* Begin PBXResourcesBuildPhase section */
		9F9145801D1781BA0049CCF2 /* Resources */ = {
			isa = PBXResourcesBuildPhase;
			buildActionMask = 2147483647;
			files = (
				9F9145951D1781BA0049CCF2 /* LaunchScreen.storyboard in Resources */,
				9F9145921D1781BA0049CCF2 /* Assets.xcassets in Resources */,
				9F9145901D1781BA0049CCF2 /* Main.storyboard in Resources */,
				9F415D701D17BE7A006784F8 /* 2.gif in Resources */,
			);
			runOnlyForDeploymentPostprocessing = 0;
		};
/* End PBXResourcesBuildPhase section */

/* Begin PBXSourcesBuildPhase section */
		9F91457E1D1781BA0049CCF2 /* Sources */ = {
			isa = PBXSourcesBuildPhase;
			buildActionMask = 2147483647;
			files = (
				9F9145E11D1789B90049CCF2 /* MASConstraint.m in Sources */,
				9F9145E91D1789B90049CCF2 /* ViewController+MASAdditions.m in Sources */,
				9F91458D1D1781BA0049CCF2 /* ViewController.m in Sources */,
				9F91458A1D1781BA0049CCF2 /* AppDelegate.m in Sources */,
				9F9145E01D1789B90049CCF2 /* MASCompositeConstraint.m in Sources */,
				9F9145E21D1789B90049CCF2 /* MASConstraintMaker.m in Sources */,
				9F9145E81D1789B90049CCF2 /* View+MASAdditions.m in Sources */,
				9F9145E41D1789B90049CCF2 /* MASViewAttribute.m in Sources */,
				9F9145E71D1789B90049CCF2 /* NSLayoutConstraint+MASDebugAdditions.m in Sources */,
				9F9145E61D1789B90049CCF2 /* NSArray+MASAdditions.m in Sources */,
				9F9145871D1781BA0049CCF2 /* main.m in Sources */,
				9F9145E51D1789B90049CCF2 /* MASViewConstraint.m in Sources */,
				9F91459E1D1782060049CCF2 /* HJSBendingView.m in Sources */,
				9F9145EA1D1789B90049CCF2 /* UIViewExt.m in Sources */,
				9F9145E31D1789B90049CCF2 /* MASLayoutConstraint.m in Sources */,
			);
			runOnlyForDeploymentPostprocessing = 0;
		};
/* End PBXSourcesBuildPhase section */

/* Begin PBXVariantGroup section */
		9F91458E1D1781BA0049CCF2 /* Main.storyboard */ = {
			isa = PBXVariantGroup;
			children = (
				9F91458F1D1781BA0049CCF2 /* Base */,
			);
			name = Main.storyboard;
			sourceTree = "<group>";
		};
		9F9145931D1781BA0049CCF2 /* LaunchScreen.storyboard */ = {
			isa = PBXVariantGroup;
			children = (
				9F9145941D1781BA0049CCF2 /* Base */,
			);
			name = LaunchScreen.storyboard;
			sourceTree = "<group>";
		};
/* End PBXVariantGroup section */

/* Begin XCBuildConfiguration section */
		9F9145971D1781BA0049CCF2 /* Debug */ = {
			isa = XCBuildConfiguration;
			buildSettings = {
				ALWAYS_SEARCH_USER_PATHS = NO;
				CLANG_ANALYZER_NONNULL = YES;
				CLANG_CXX_LANGUAGE_STANDARD = "gnu++0x";
				CLANG_CXX_LIBRARY = "libc++";
				CLANG_ENABLE_MODULES = YES;
				CLANG_ENABLE_OBJC_ARC = YES;
				CLANG_WARN_BOOL_CONVERSION = YES;
				CLANG_WARN_CONSTANT_CONVERSION = YES;
				CLANG_WARN_DIRECT_OBJC_ISA_USAGE = YES_ERROR;
				CLANG_WARN_EMPTY_BODY = YES;
				CLANG_WARN_ENUM_CONVERSION = YES;
				CLANG_WARN_INT_CONVERSION = YES;
				CLANG_WARN_OBJC_ROOT_CLASS = YES_ERROR;
				CLANG_WARN_UNREACHABLE_CODE = YES;
				CLANG_WARN__DUPLICATE_METHOD_MATCH = YES;
				"CODE_SIGN_IDENTITY[sdk=iphoneos*]" = "iPhone Developer";
				COPY_PHASE_STRIP = NO;
				DEBUG_INFORMATION_FORMAT = dwarf;
				ENABLE_STRICT_OBJC_MSGSEND = YES;
				ENABLE_TESTABILITY = YES;
				GCC_C_LANGUAGE_STANDARD = gnu99;
				GCC_DYNAMIC_NO_PIC = NO;
				GCC_NO_COMMON_BLOCKS = YES;
				GCC_OPTIMIZATION_LEVEL = 0;
				GCC_PREPROCESSOR_DEFINITIONS = (
					"DEBUG=1",
					"$(inherited)",
				);
				GCC_WARN_64_TO_32_BIT_CONVERSION = YES;
				GCC_WARN_ABOUT_RETURN_TYPE = YES_ERROR;
				GCC_WARN_UNDECLARED_SELECTOR = YES;
				GCC_WARN_UNINITIALIZED_AUTOS = YES_AGGRESSIVE;
				GCC_WARN_UNUSED_FUNCTION = YES;
				GCC_WARN_UNUSED_VARIABLE = YES;
				IPHONEOS_DEPLOYMENT_TARGET = 9.3;
				MTL_ENABLE_DEBUG_INFO = YES;
				ONLY_ACTIVE_ARCH = YES;
				SDKROOT = iphoneos;
			};
			name = Debug;
		};
		9F9145981D1781BA0049CCF2 /* Release */ = {
			isa = XCBuildConfiguration;
			buildSettings = {
				ALWAYS_SEARCH_USER_PATHS = NO;
				CLANG_ANALYZER_NONNULL = YES;
				CLANG_CXX_LANGUAGE_STANDARD = "gnu++0x";
				CLANG_CXX_LIBRARY = "libc++";
				CLANG_ENABLE_MODULES = YES;
				CLANG_ENABLE_OBJC_ARC = YES;
				CLANG_WARN_BOOL_CONVERSION = YES;
				CLANG_WARN_CONSTANT_CONVERSION = YES;
				CLANG_WARN_DIRECT_OBJC_ISA_USAGE = YES_ERROR;
				CLANG_WARN_EMPTY_BODY = YES;
				CLANG_WARN_ENUM_CONVERSION = YES;
				CLANG_WARN_INT_CONVERSION = YES;
				CLANG_WARN_OBJC_ROOT_CLASS = YES_ERROR;
				CLANG_WARN_UNREACHABLE_CODE = YES;
				CLANG_WARN__DUPLICATE_METHOD_MATCH = YES;
				"CODE_SIGN_IDENTITY[sdk=iphoneos*]" = "iPhone Developer";
				COPY_PHASE_STRIP = NO;
				DEBUG_INFORMATION_FORMAT = "dwarf-with-dsym";
				ENABLE_NS_ASSERTIONS = NO;
				ENABLE_STRICT_OBJC_MSGSEND = YES;
				GCC_C_LANGUAGE_STANDARD = gnu99;
				GCC_NO_COMMON_BLOCKS = YES;
				GCC_WARN_64_TO_32_BIT_CONVERSION = YES;
				GCC_WARN_ABOUT_RETURN_TYPE = YES_ERROR;
				GCC_WARN_UNDECLARED_SELECTOR = YES;
				GCC_WARN_UNINITIALIZED_AUTOS = YES_AGGRESSIVE;
				GCC_WARN_UNUSED_FUNCTION = YES;
				GCC_WARN_UNUSED_VARIABLE = YES;
				IPHONEOS_DEPLOYMENT_TARGET = 9.3;
				MTL_ENABLE_DEBUG_INFO = NO;
				SDKROOT = iphoneos;
				VALIDATE_PRODUCT = YES;
			};
			name = Release;
		};
		9F91459A1D1781BA0049CCF2 /* Debug */ = {
			isa = XCBuildConfiguration;
			buildSettings = {
				ASSETCATALOG_COMPILER_APPICON_NAME = AppIcon;
				INFOPLIST_FILE = HJSBendingCurve/Info.plist;
				IPHONEOS_DEPLOYMENT_TARGET = 8.2;
				LD_RUNPATH_SEARCH_PATHS = "$(inherited) @executable_path/Frameworks";
				PRODUCT_BUNDLE_IDENTIFIER = sand.HJSBendingCurve;
				PRODUCT_NAME = "$(TARGET_NAME)";
			};
			name = Debug;
		};
		9F91459B1D1781BA0049CCF2 /* Release */ = {
			isa = XCBuildConfiguration;
			buildSettings = {
				ASSETCATALOG_COMPILER_APPICON_NAME = AppIcon;
				INFOPLIST_FILE = HJSBendingCurve/Info.plist;
				IPHONEOS_DEPLOYMENT_TARGET = 8.2;
				LD_RUNPATH_SEARCH_PATHS = "$(inherited) @executable_path/Frameworks";
				PRODUCT_BUNDLE_IDENTIFIER = sand.HJSBendingCurve;
				PRODUCT_NAME = "$(TARGET_NAME)";
			};
			name = Release;
		};
/* End XCBuildConfiguration section */

/* Begin XCConfigurationList section */
		9F91457D1D1781BA0049CCF2 /* Build configuration list for PBXProject "HJSBendingCurve" */ = {
			isa = XCConfigurationList;
			buildConfigurations = (
				9F9145971D1781BA0049CCF2 /* Debug */,
				9F9145981D1781BA0049CCF2 /* Release */,
			);
			defaultConfigurationIsVisible = 0;
			defaultConfigurationName = Release;
		};
		9F9145991D1781BA0049CCF2 /* Build configuration list for PBXNativeTarget "HJSBendingCurve" */ = {
			isa = XCConfigurationList;
			buildConfigurations = (
				9F91459A1D1781BA0049CCF2 /* Debug */,
				9F91459B1D1781BA0049CCF2 /* Release */,
			);
			defaultConfigurationIsVisible = 0;
			defaultConfigurationName = Release;
		};
/* End XCConfigurationList section */
	};
	rootObject = 9F91457A1D1781BA0049CCF2 /* Project object */;
}
